{
  "nodes": {
    "home": {
      "inputs": {
        "nixpkgs": [
          "nixos"
        ]
      },
      "locked": {
        "lastModified": 1631573611,
        "narHash": "sha256-u2E/wstadWNcn6vOIoK1xY86QPOzzBZQfT1FbePfdaI=",
        "owner": "nix-community",
        "repo": "home-manager",
        "rev": "7d9ba15214004c979d2c8733f8be12ce6502cf8a",
        "type": "github"
      },
      "original": {
        "owner": "nix-community",
        "ref": "release-21.05",
        "repo": "home-manager",
        "type": "github"
      }
    },
    "master": {
      "locked": {
        "lastModified": 1632996505,
        "narHash": "sha256-Gp/WAK5TZ+rDCV6Z0ns2q2JLXRmvDX0b7Eb55me0smo=",
        "owner": "NixOS",
        "repo": "nixpkgs",
        "rev": "cb39cdcf4102f9efbf1ab61778253af0aa28a621",
        "type": "github"
      },
      "original": {
        "id": "nixpkgs",
        "ref": "master",
        "type": "indirect"
      }
    },
    "nixos": {
      "locked": {
        "lastModified": 1632972266,
        "narHash": "sha256-pszKnYBZYWrI/hbeiRoKwEFyeoqieIYAutxd7i8gYEE=",
        "owner": "NixOS",
        "repo": "nixpkgs",
        "rev": "182eea7232380ee5b7d708c3a172b7900ef5e9de",
        "type": "github"
      },
      "original": {
        "id": "nixpkgs",
        "ref": "release-21.05",
        "type": "indirect"
      }
    },
    "nur": {
      "locked": {
        "lastModified": 1632990561,
        "narHash": "sha256-hozdD3uoYSe49mBjPyZxFuPLl8lrmHrQUdeqDeAnaT0=",
        "owner": "nix-community",
        "repo": "NUR",
        "rev": "14241c08311ad06d6b886bfb559050f03a03e281",
        "type": "github"
      },
      "original": {
        "owner": "nix-community",
        "repo": "NUR",
        "type": "github"
      }
    },
    "root": {
      "inputs": {
        "home": "home",
        "master": "master",
        "nixos": "nixos",
        "nur": "nur",
        "simple-mailserver": "simple-mailserver",
        "unstable": "unstable"
      }
    },
    "simple-mailserver": {
      "inputs": {
        "nixpkgs": [
          "unstable"
        ],
        "utils": "utils"
      },
      "locked": {
        "lastModified": 1622967674,
        "narHash": "sha256-8RLe6Rqy2rKR/PGDMg/EVsWihsO+DQe/RYmlXdRZkLs=",
        "owner": "simple-nixos-mailserver",
        "repo": "nixos-mailserver",
        "rev": "5675b122a947b40e551438df6a623efad19fd2e7",
        "type": "gitlab"
      },
      "original": {
        "owner": "simple-nixos-mailserver",
        "ref": "nixos-21.05",
        "repo": "nixos-mailserver",
        "type": "gitlab"
      }
    },
    "unstable": {
      "locked": {
        "lastModified": 1632820883,
        "narHash": "sha256-MegRCaHkbD0f/Auwpowba0z+xaKLFlJ+7D7ZrgtmfvY=",
        "owner": "NixOS",
        "repo": "nixpkgs",
        "rev": "c21ba4f7bb4a3d621eb1d187e6b5e816bb85380c",
        "type": "github"
      },
      "original": {
        "id": "nixpkgs",
        "ref": "nixos-unstable",
        "type": "indirect"
      }
    },
    "utils": {
      "locked": {
        "lastModified": 1605370193,
        "narHash": "sha256-YyMTf3URDL/otKdKgtoMChu4vfVL3vCMkRqpGifhUn0=",
        "owner": "numtide",
        "repo": "flake-utils",
        "rev": "5021eac20303a61fafe17224c087f5519baed54d",
        "type": "github"
      },
      "original": {
        "owner": "numtide",
        "repo": "flake-utils",
        "type": "github"
      }
    }
  },
  "root": "root",
  "version": 7
}
