{
  "nodes": {
    "home": {
      "inputs": {
        "nixpkgs": "nixpkgs"
      },
      "locked": {
        "lastModified": 1612902587,
        "narHash": "sha256-VZ7Z1OMFf5ReObu3CCVBsC2DWloTYDjqW1onUKejVrE=",
        "owner": "nix-community",
        "repo": "home-manager",
        "rev": "209566c752c4428c7692c134731971193f06b37c",
        "type": "github"
      },
      "original": {
        "owner": "nix-community",
        "ref": "release-20.09",
        "repo": "home-manager",
        "type": "github"
      }
    },
    "master": {
      "locked": {
        "lastModified": 1617215467,
        "narHash": "sha256-PiTczSMUVVsXEiDsNE0DRbDFBZQ88rbFf98A9vG3jHU=",
        "owner": "NixOS",
        "repo": "nixpkgs",
        "rev": "76fc1ae238395b957b61a1a29ccec59de97eeace",
        "type": "github"
      },
      "original": {
        "id": "nixpkgs",
        "ref": "master",
        "type": "indirect"
      }
    },
    "nixos": {
      "locked": {
        "lastModified": 1617215241,
        "narHash": "sha256-pz80uFOZUnb5l+rJfA21dNyNNZeX297WB1pNbd+jOaM=",
        "owner": "NixOS",
        "repo": "nixpkgs",
        "rev": "9cea2bf89b5cbe90d933b2a0b3018692342657b4",
        "type": "github"
      },
      "original": {
        "id": "nixpkgs",
        "ref": "release-20.09",
        "type": "indirect"
      }
    },
    "nixpkgs": {
      "locked": {
        "lastModified": 1610630791,
        "narHash": "sha256-HSajBsx6ygmii/MlJ40bWdpsjgqymBXe6Fg4twEqMSY=",
        "path": "/nix/store/ji1pag92zi304hdz6zi7xgpcys3ii499-source",
        "rev": "956afcd713a4f94a4acb4460d339dc638bac3d0a",
        "type": "path"
      },
      "original": {
        "id": "nixpkgs",
        "type": "indirect"
      }
    },
    "nixpkgs_2": {
      "locked": {
        "lastModified": 1607522989,
        "narHash": "sha256-o/jWhOSAlaK7y2M57OIriRt6whuVVocS/T0mG7fd1TI=",
        "owner": "NixOS",
        "repo": "nixpkgs",
        "rev": "e9158eca70ae59e73fae23be5d13d3fa0cfc78b4",
        "type": "github"
      },
      "original": {
        "id": "nixpkgs",
        "ref": "nixos-unstable",
        "type": "indirect"
      }
    },
    "root": {
      "inputs": {
        "home": "home",
        "master": "master",
        "nixos": "nixos",
        "simple-mailserver": "simple-mailserver"
      }
    },
    "simple-mailserver": {
      "inputs": {
        "nixpkgs": "nixpkgs_2",
        "utils": "utils"
      },
      "locked": {
        "lastModified": 1616524844,
        "narHash": "sha256-7O3J2c9JrsRGmWekRMtvr1RBbfxE+Dv5XXmaTkmiX+I=",
        "owner": "simple-nixos-mailserver",
        "repo": "nixos-mailserver",
        "rev": "66e8baa6f27581ae28678917f67ed2750842c14a",
        "type": "gitlab"
      },
      "original": {
        "owner": "simple-nixos-mailserver",
        "repo": "nixos-mailserver",
        "type": "gitlab"
      }
    },
    "utils": {
      "locked": {
        "lastModified": 1605370193,
        "narHash": "sha256-YyMTf3URDL/otKdKgtoMChu4vfVL3vCMkRqpGifhUn0=",
        "owner": "numtide",
        "repo": "flake-utils",
        "rev": "5021eac20303a61fafe17224c087f5519baed54d",
        "type": "github"
      },
      "original": {
        "owner": "numtide",
        "repo": "flake-utils",
        "type": "github"
      }
    }
  },
  "root": "root",
  "version": 7
}
